
Microsoft Visual Studio Solution File, Format Version 11.00
# Visual Studio 2010
Project("{FAE04EC0-301F-11D3-BF4B-00C04F79EFBC}") = "CharacterControlerCasiFull", "Assembly-CSharp.csproj", "{64C3B4F7-BC12-F1BA-A8AE-1243108C5440}"
EndProject
Project("{FAE04EC0-301F-11D3-BF4B-00C04F79EFBC}") = "CharacterControlerCasiFull", "Assembly-CSharp-Editor.csproj", "{79073083-3040-01F1-90DE-648EAF5FD214}"
EndProject
Global
	GlobalSection(SolutionConfigurationPlatforms) = preSolution
		Debug|Any CPU = Debug|Any CPU
		Release|Any CPU = Release|Any CPU
	EndGlobalSection
	GlobalSection(ProjectConfigurationPlatforms) = postSolution
		{64C3B4F7-BC12-F1BA-A8AE-1243108C5440}.Debug|Any CPU.ActiveCfg = Debug|Any CPU
		{64C3B4F7-BC12-F1BA-A8AE-1243108C5440}.Debug|Any CPU.Build.0 = Debug|Any CPU
		{64C3B4F7-BC12-F1BA-A8AE-1243108C5440}.Release|Any CPU.ActiveCfg = Release|Any CPU
		{64C3B4F7-BC12-F1BA-A8AE-1243108C5440}.Release|Any CPU.Build.0 = Release|Any CPU
		{79073083-3040-01F1-90DE-648EAF5FD214}.Debug|Any CPU.ActiveCfg = Debug|Any CPU
		{79073083-3040-01F1-90DE-648EAF5FD214}.Debug|Any CPU.Build.0 = Debug|Any CPU
		{79073083-3040-01F1-90DE-648EAF5FD214}.Release|Any CPU.ActiveCfg = Release|Any CPU
		{79073083-3040-01F1-90DE-648EAF5FD214}.Release|Any CPU.Build.0 = Release|Any CPU
	EndGlobalSection
	GlobalSection(SolutionProperties) = preSolution
		HideSolutionNode = FALSE
	EndGlobalSection
	GlobalSection(MonoDevelopProperties) = preSolution
		StartupItem = Assembly-CSharp.csproj
	EndGlobalSection
EndGlobal
